
Microsoft Visual Studio Solution File, Format Version 12.00
# Visual Studio Version 17
VisualStudioVersion = 17.4.33213.308
MinimumVisualStudioVersion = 10.0.40219.1
Project("{FAE04EC0-301F-11D3-BF4B-00C04F79EFBC}") = "Eloadas", "Eloadas\Eloadas.csproj", "{C982CA5A-7268-487F-A3DF-84B7A6BB52B2}"
EndProject
Project("{FAE04EC0-301F-11D3-BF4B-00C04F79EFBC}") = "TestEloadasProject", "TestEloadasProject\TestEloadasProject.csproj", "{EBE35535-8B44-4AB8-AEFF-857D5739331E}"
EndProject
Global
	GlobalSection(SolutionConfigurationPlatforms) = preSolution
		Debug|Any CPU = Debug|Any CPU
		Release|Any CPU = Release|Any CPU
	EndGlobalSection
	GlobalSection(ProjectConfigurationPlatforms) = postSolution
		{C982CA5A-7268-487F-A3DF-84B7A6BB52B2}.Debug|Any CPU.ActiveCfg = Debug|Any CPU
		{C982CA5A-7268-487F-A3DF-84B7A6BB52B2}.Debug|Any CPU.Build.0 = Debug|Any CPU
		{C982CA5A-7268-487F-A3DF-84B7A6BB52B2}.Release|Any CPU.ActiveCfg = Release|Any CPU
		{C982CA5A-7268-487F-A3DF-84B7A6BB52B2}.Release|Any CPU.Build.0 = Release|Any CPU
		{EBE35535-8B44-4AB8-AEFF-857D5739331E}.Debug|Any CPU.ActiveCfg = Debug|Any CPU
		{EBE35535-8B44-4AB8-AEFF-857D5739331E}.Debug|Any CPU.Build.0 = Debug|Any CPU
		{EBE35535-8B44-4AB8-AEFF-857D5739331E}.Release|Any CPU.ActiveCfg = Release|Any CPU
		{EBE35535-8B44-4AB8-AEFF-857D5739331E}.Release|Any CPU.Build.0 = Release|Any CPU
	EndGlobalSection
	GlobalSection(SolutionProperties) = preSolution
		HideSolutionNode = FALSE
	EndGlobalSection
	GlobalSection(ExtensibilityGlobals) = postSolution
		SolutionGuid = {C4FF5147-F1BF-4438-84EE-9FAEC5A72CE0}
	EndGlobalSection
EndGlobal
